
Microsoft Visual Studio Solution File, Format Version 12.00
# Visual Studio Version 17
VisualStudioVersion = 17.0.31903.59
MinimumVisualStudioVersion = 10.0.40219.1
Project("{FAE04EC0-301F-11D3-BF4B-00C04F79EFBC}") = "Fish.Common", "Fish.Common\Fish.Common.csproj", "{88819F94-5424-4AF1-AD55-36B71D471822}"
EndProject
Project("{FAE04EC0-301F-11D3-BF4B-00C04F79EFBC}") = "Fish.Console", "Fish.Console\Fish.Console.csproj", "{14ED1B6E-C32B-4A6E-A5FE-A1777A1BE6BA}"
EndProject
Project("{FAE04EC0-301F-11D3-BF4B-00C04F79EFBC}") = "Fish.Tests", "Fish.Tests\Fish.Tests.csproj", "{4E887B4F-0AD7-4D66-AF73-2620076F0DBB}"
EndProject
Global
	GlobalSection(SolutionConfigurationPlatforms) = preSolution
		Debug|Any CPU = Debug|Any CPU
		Debug|x64 = Debug|x64
		Debug|x86 = Debug|x86
		Release|Any CPU = Release|Any CPU
		Release|x64 = Release|x64
		Release|x86 = Release|x86
	EndGlobalSection
	GlobalSection(ProjectConfigurationPlatforms) = postSolution
		{88819F94-5424-4AF1-AD55-36B71D471822}.Debug|Any CPU.ActiveCfg = Debug|Any CPU
		{88819F94-5424-4AF1-AD55-36B71D471822}.Debug|Any CPU.Build.0 = Debug|Any CPU
		{88819F94-5424-4AF1-AD55-36B71D471822}.Debug|x64.ActiveCfg = Debug|Any CPU
		{88819F94-5424-4AF1-AD55-36B71D471822}.Debug|x64.Build.0 = Debug|Any CPU
		{88819F94-5424-4AF1-AD55-36B71D471822}.Debug|x86.ActiveCfg = Debug|Any CPU
		{88819F94-5424-4AF1-AD55-36B71D471822}.Debug|x86.Build.0 = Debug|Any CPU
		{88819F94-5424-4AF1-AD55-36B71D471822}.Release|Any CPU.ActiveCfg = Release|Any CPU
		{88819F94-5424-4AF1-AD55-36B71D471822}.Release|Any CPU.Build.0 = Release|Any CPU
		{88819F94-5424-4AF1-AD55-36B71D471822}.Release|x64.ActiveCfg = Release|Any CPU
		{88819F94-5424-4AF1-AD55-36B71D471822}.Release|x64.Build.0 = Release|Any CPU
		{88819F94-5424-4AF1-AD55-36B71D471822}.Release|x86.ActiveCfg = Release|Any CPU
		{88819F94-5424-4AF1-AD55-36B71D471822}.Release|x86.Build.0 = Release|Any CPU
		{14ED1B6E-C32B-4A6E-A5FE-A1777A1BE6BA}.Debug|Any CPU.ActiveCfg = Debug|Any CPU
		{14ED1B6E-C32B-4A6E-A5FE-A1777A1BE6BA}.Debug|Any CPU.Build.0 = Debug|Any CPU
		{14ED1B6E-C32B-4A6E-A5FE-A1777A1BE6BA}.Debug|x64.ActiveCfg = Debug|Any CPU
		{14ED1B6E-C32B-4A6E-A5FE-A1777A1BE6BA}.Debug|x64.Build.0 = Debug|Any CPU
		{14ED1B6E-C32B-4A6E-A5FE-A1777A1BE6BA}.Debug|x86.ActiveCfg = Debug|Any CPU
		{14ED1B6E-C32B-4A6E-A5FE-A1777A1BE6BA}.Debug|x86.Build.0 = Debug|Any CPU
		{14ED1B6E-C32B-4A6E-A5FE-A1777A1BE6BA}.Release|Any CPU.ActiveCfg = Release|Any CPU
		{14ED1B6E-C32B-4A6E-A5FE-A1777A1BE6BA}.Release|Any CPU.Build.0 = Release|Any CPU
		{14ED1B6E-C32B-4A6E-A5FE-A1777A1BE6BA}.Release|x64.ActiveCfg = Release|Any CPU
		{14ED1B6E-C32B-4A6E-A5FE-A1777A1BE6BA}.Release|x64.Build.0 = Release|Any CPU
		{14ED1B6E-C32B-4A6E-A5FE-A1777A1BE6BA}.Release|x86.ActiveCfg = Release|Any CPU
		{14ED1B6E-C32B-4A6E-A5FE-A1777A1BE6BA}.Release|x86.Build.0 = Release|Any CPU
		{4E887B4F-0AD7-4D66-AF73-2620076F0DBB}.Debug|Any CPU.ActiveCfg = Debug|Any CPU
		{4E887B4F-0AD7-4D66-AF73-2620076F0DBB}.Debug|Any CPU.Build.0 = Debug|Any CPU
		{4E887B4F-0AD7-4D66-AF73-2620076F0DBB}.Debug|x64.ActiveCfg = Debug|Any CPU
		{4E887B4F-0AD7-4D66-AF73-2620076F0DBB}.Debug|x64.Build.0 = Debug|Any CPU
		{4E887B4F-0AD7-4D66-AF73-2620076F0DBB}.Debug|x86.ActiveCfg = Debug|Any CPU
		{4E887B4F-0AD7-4D66-AF73-2620076F0DBB}.Debug|x86.Build.0 = Debug|Any CPU
		{4E887B4F-0AD7-4D66-AF73-2620076F0DBB}.Release|Any CPU.ActiveCfg = Release|Any CPU
		{4E887B4F-0AD7-4D66-AF73-2620076F0DBB}.Release|Any CPU.Build.0 = Release|Any CPU
		{4E887B4F-0AD7-4D66-AF73-2620076F0DBB}.Release|x64.ActiveCfg = Release|Any CPU
		{4E887B4F-0AD7-4D66-AF73-2620076F0DBB}.Release|x64.Build.0 = Release|Any CPU
		{4E887B4F-0AD7-4D66-AF73-2620076F0DBB}.Release|x86.ActiveCfg = Release|Any CPU
		{4E887B4F-0AD7-4D66-AF73-2620076F0DBB}.Release|x86.Build.0 = Release|Any CPU
	EndGlobalSection
	GlobalSection(SolutionProperties) = preSolution
		HideSolutionNode = FALSE
	EndGlobalSection
EndGlobal
